// !$*UTF8*$!
{
	archiveVersion = 1;
	classes = {
	};
	objectVersion = 50;
	objects = {

/* Begin PBXBuildFile section */
		4F11A12F25DCB05E0036783E /* AppDelegate.swift in Sources */ = {isa = PBXBuildFile; fileRef = 4F11A12E25DCB05E0036783E /* AppDelegate.swift */; };
		4F11A13125DCB05E0036783E /* SceneDelegate.swift in Sources */ = {isa = PBXBuildFile; fileRef = 4F11A13025DCB05E0036783E /* SceneDelegate.swift */; };
		4F11A13325DCB05E0036783E /* EmojiArtDocumentView.swift in Sources */ = {isa = PBXBuildFile; fileRef = 4F11A13225DCB05E0036783E /* EmojiArtDocumentView.swift */; };
		4F11A13525DCB0620036783E /* Assets.xcassets in Resources */ = {isa = PBXBuildFile; fileRef = 4F11A13425DCB0620036783E /* Assets.xcassets */; };
		4F11A13825DCB0620036783E /* Preview Assets.xcassets in Resources */ = {isa = PBXBuildFile; fileRef = 4F11A13725DCB0620036783E /* Preview Assets.xcassets */; };
		4F11A13B25DCB0620036783E /* LaunchScreen.storyboard in Resources */ = {isa = PBXBuildFile; fileRef = 4F11A13925DCB0620036783E /* LaunchScreen.storyboard */; };
		4F11A14325DCB1180036783E /* EmojiArtDocument.swift in Sources */ = {isa = PBXBuildFile; fileRef = 4F11A14225DCB1180036783E /* EmojiArtDocument.swift */; };
		4F11A14525DD08520036783E /* EmojiArt.swift in Sources */ = {isa = PBXBuildFile; fileRef = 4F11A14425DD08520036783E /* EmojiArt.swift */; };
		4F11A14725DD15910036783E /* EmojiArtExtensions.swift in Sources */ = {isa = PBXBuildFile; fileRef = 4F11A14625DD15910036783E /* EmojiArtExtensions.swift */; };
		4F11A14925DFCBFC0036783E /* OptionalImage.swift in Sources */ = {isa = PBXBuildFile; fileRef = 4F11A14825DFCBFC0036783E /* OptionalImage.swift */; };
		4F11A14B25DFE4A20036783E /* AnimatableSystemFontModifier.swift in Sources */ = {isa = PBXBuildFile; fileRef = 4F11A14A25DFE4A20036783E /* AnimatableSystemFontModifier.swift */; };
		4F11A14D25E4E1FF0036783E /* Spinning.swift in Sources */ = {isa = PBXBuildFile; fileRef = 4F11A14C25E4E1FF0036783E /* Spinning.swift */; };
		4F11A14F25E503D60036783E /* PaletteChooser.swift in Sources */ = {isa = PBXBuildFile; fileRef = 4F11A14E25E503D60036783E /* PaletteChooser.swift */; };
		4F11A15125E620100036783E /* EmojiArtDocumentPalette.swift in Sources */ = {isa = PBXBuildFile; fileRef = 4F11A15025E620100036783E /* EmojiArtDocumentPalette.swift */; };
		4F11A15325E7D48B0036783E /* GridLayout.swift in Sources */ = {isa = PBXBuildFile; fileRef = 4F11A15225E7D48B0036783E /* GridLayout.swift */; };
		4F11A15525E7D4AD0036783E /* Grid.swift in Sources */ = {isa = PBXBuildFile; fileRef = 4F11A15425E7D4AD0036783E /* Grid.swift */; };
/* End PBXBuildFile section */

/* Begin PBXFileReference section */
		4F11A12B25DCB05E0036783E /* Emoji Art.app */ = {isa = PBXFileReference; explicitFileType = wrapper.application; includeInIndex = 0; path = "Emoji Art.app"; sourceTree = BUILT_PRODUCTS_DIR; };
		4F11A12E25DCB05E0036783E /* AppDelegate.swift */ = {isa = PBXFileReference; lastKnownFileType = sourcecode.swift; path = AppDelegate.swift; sourceTree = "<group>"; };
		4F11A13025DCB05E0036783E /* SceneDelegate.swift */ = {isa = PBXFileReference; lastKnownFileType = sourcecode.swift; path = SceneDelegate.swift; sourceTree = "<group>"; };
		4F11A13225DCB05E0036783E /* EmojiArtDocumentView.swift */ = {isa = PBXFileReference; lastKnownFileType = sourcecode.swift; path = EmojiArtDocumentView.swift; sourceTree = "<group>"; };
		4F11A13425DCB0620036783E /* Assets.xcassets */ = {isa = PBXFileReference; lastKnownFileType = folder.assetcatalog; path = Assets.xcassets; sourceTree = "<group>"; };
		4F11A13725DCB0620036783E /* Preview Assets.xcassets */ = {isa = PBXFileReference; lastKnownFileType = folder.assetcatalog; path = "Preview Assets.xcassets"; sourceTree = "<group>"; };
		4F11A13A25DCB0620036783E /* Base */ = {isa = PBXFileReference; lastKnownFileType = file.storyboard; name = Base; path = Base.lproj/LaunchScreen.storyboard; sourceTree = "<group>"; };
		4F11A13C25DCB0620036783E /* Info.plist */ = {isa = PBXFileReference; lastKnownFileType = text.plist.xml; path = Info.plist; sourceTree = "<group>"; };
		4F11A14225DCB1180036783E /* EmojiArtDocument.swift */ = {isa = PBXFileReference; lastKnownFileType = sourcecode.swift; path = EmojiArtDocument.swift; sourceTree = "<group>"; };
		4F11A14425DD08520036783E /* EmojiArt.swift */ = {isa = PBXFileReference; lastKnownFileType = sourcecode.swift; path = EmojiArt.swift; sourceTree = "<group>"; };
		4F11A14625DD15910036783E /* EmojiArtExtensions.swift */ = {isa = PBXFileReference; fileEncoding = 4; lastKnownFileType = sourcecode.swift; path = EmojiArtExtensions.swift; sourceTree = "<group>"; };
		4F11A14825DFCBFC0036783E /* OptionalImage.swift */ = {isa = PBXFileReference; lastKnownFileType = sourcecode.swift; path = OptionalImage.swift; sourceTree = "<group>"; };
		4F11A14A25DFE4A20036783E /* AnimatableSystemFontModifier.swift */ = {isa = PBXFileReference; fileEncoding = 4; lastKnownFileType = sourcecode.swift; path = AnimatableSystemFontModifier.swift; sourceTree = "<group>"; };
		4F11A14C25E4E1FF0036783E /* Spinning.swift */ = {isa = PBXFileReference; lastKnownFileType = sourcecode.swift; path = Spinning.swift; sourceTree = "<group>"; };
		4F11A14E25E503D60036783E /* PaletteChooser.swift */ = {isa = PBXFileReference; lastKnownFileType = sourcecode.swift; path = PaletteChooser.swift; sourceTree = "<group>"; };
		4F11A15025E620100036783E /* EmojiArtDocumentPalette.swift */ = {isa = PBXFileReference; fileEncoding = 4; lastKnownFileType = sourcecode.swift; path = EmojiArtDocumentPalette.swift; sourceTree = "<group>"; };
		4F11A15225E7D48B0036783E /* GridLayout.swift */ = {isa = PBXFileReference; fileEncoding = 4; lastKnownFileType = sourcecode.swift; path = GridLayout.swift; sourceTree = "<group>"; };
		4F11A15425E7D4AD0036783E /* Grid.swift */ = {isa = PBXFileReference; fileEncoding = 4; lastKnownFileType = sourcecode.swift; path = Grid.swift; sourceTree = "<group>"; };
/* End PBXFileReference section */

/* Begin PBXFrameworksBuildPhase section */
		4F11A12825DCB05E0036783E /* Frameworks */ = {
			isa = PBXFrameworksBuildPhase;
			buildActionMask = 2147483647;
			files = (
			);
			runOnlyForDeploymentPostprocessing = 0;
		};
/* End PBXFrameworksBuildPhase section */

/* Begin PBXGroup section */
		4F11A12225DCB05E0036783E = {
			isa = PBXGroup;
			children = (
				4F11A12D25DCB05E0036783E /* EmojiArt */,
				4F11A12C25DCB05E0036783E /* Products */,
			);
			sourceTree = "<group>";
		};
		4F11A12C25DCB05E0036783E /* Products */ = {
			isa = PBXGroup;
			children = (
				4F11A12B25DCB05E0036783E /* Emoji Art.app */,
			);
			name = Products;
			sourceTree = "<group>";
		};
		4F11A12D25DCB05E0036783E /* EmojiArt */ = {
			isa = PBXGroup;
			children = (
				4F11A12E25DCB05E0036783E /* AppDelegate.swift */,
				4F11A13025DCB05E0036783E /* SceneDelegate.swift */,
				4F11A13225DCB05E0036783E /* EmojiArtDocumentView.swift */,
				4F11A15025E620100036783E /* EmojiArtDocumentPalette.swift */,
				4F11A14225DCB1180036783E /* EmojiArtDocument.swift */,
				4F11A14E25E503D60036783E /* PaletteChooser.swift */,
				4F11A15425E7D4AD0036783E /* Grid.swift */,
				4F11A14C25E4E1FF0036783E /* Spinning.swift */,
				4F11A14825DFCBFC0036783E /* OptionalImage.swift */,
				4F11A15225E7D48B0036783E /* GridLayout.swift */,
				4F11A14A25DFE4A20036783E /* AnimatableSystemFontModifier.swift */,
				4F11A14625DD15910036783E /* EmojiArtExtensions.swift */,
				4F11A14425DD08520036783E /* EmojiArt.swift */,
				4F11A13425DCB0620036783E /* Assets.xcassets */,
				4F11A13925DCB0620036783E /* LaunchScreen.storyboard */,
				4F11A13C25DCB0620036783E /* Info.plist */,
				4F11A13625DCB0620036783E /* Preview Content */,
			);
			path = EmojiArt;
			sourceTree = "<group>";
		};
		4F11A13625DCB0620036783E /* Preview Content */ = {
			isa = PBXGroup;
			children = (
				4F11A13725DCB0620036783E /* Preview Assets.xcassets */,
			);
			path = "Preview Content";
			sourceTree = "<group>";
		};
/* End PBXGroup section */

/* Begin PBXNativeTarget section */
		4F11A12A25DCB05E0036783E /* EmojiArt */ = {
			isa = PBXNativeTarget;
			buildConfigurationList = 4F11A13F25DCB0620036783E /* Build configuration list for PBXNativeTarget "EmojiArt" */;
			buildPhases = (
				4F11A12725DCB05E0036783E /* Sources */,
				4F11A12825DCB05E0036783E /* Frameworks */,
				4F11A12925DCB05E0036783E /* Resources */,
			);
			buildRules = (
			);
			dependencies = (
			);
			name = EmojiArt;
			productName = EmojiArt;
			productReference = 4F11A12B25DCB05E0036783E /* Emoji Art.app */;
			productType = "com.apple.product-type.application";
		};
/* End PBXNativeTarget section */

/* Begin PBXProject section */
		4F11A12325DCB05E0036783E /* Project object */ = {
			isa = PBXProject;
			attributes = {
				LastSwiftUpdateCheck = 1150;
				LastUpgradeCheck = 1150;
				ORGANIZATIONNAME = Kira;
				TargetAttributes = {
					4F11A12A25DCB05E0036783E = {
						CreatedOnToolsVersion = 11.5;
					};
				};
			};
			buildConfigurationList = 4F11A12625DCB05E0036783E /* Build configuration list for PBXProject "EmojiArt" */;
			compatibilityVersion = "Xcode 9.3";
			developmentRegion = en;
			hasScannedForEncodings = 0;
			knownRegions = (
				en,
				Base,
			);
			mainGroup = 4F11A12225DCB05E0036783E;
			productRefGroup = 4F11A12C25DCB05E0036783E /* Products */;
			projectDirPath = "";
			projectRoot = "";
			targets = (
				4F11A12A25DCB05E0036783E /* EmojiArt */,
			);
		};
/* End PBXProject section */

/* Begin PBXResourcesBuildPhase section */
		4F11A12925DCB05E0036783E /* Resources */ = {
			isa = PBXResourcesBuildPhase;
			buildActionMask = 2147483647;
			files = (
				4F11A13B25DCB0620036783E /* LaunchScreen.storyboard in Resources */,
				4F11A13825DCB0620036783E /* Preview Assets.xcassets in Resources */,
				4F11A13525DCB0620036783E /* Assets.xcassets in Resources */,
			);
			runOnlyForDeploymentPostprocessing = 0;
		};
/* End PBXResourcesBuildPhase section */

/* Begin PBXSourcesBuildPhase section */
		4F11A12725DCB05E0036783E /* Sources */ = {
			isa = PBXSourcesBuildPhase;
			buildActionMask = 2147483647;
			files = (
				4F11A15125E620100036783E /* EmojiArtDocumentPalette.swift in Sources */,
				4F11A12F25DCB05E0036783E /* AppDelegate.swift in Sources */,
				4F11A13125DCB05E0036783E /* SceneDelegate.swift in Sources */,
				4F11A15325E7D48B0036783E /* GridLayout.swift in Sources */,
				4F11A14725DD15910036783E /* EmojiArtExtensions.swift in Sources */,
				4F11A14525DD08520036783E /* EmojiArt.swift in Sources */,
				4F11A13325DCB05E0036783E /* EmojiArtDocumentView.swift in Sources */,
				4F11A15525E7D4AD0036783E /* Grid.swift in Sources */,
				4F11A14925DFCBFC0036783E /* OptionalImage.swift in Sources */,
				4F11A14D25E4E1FF0036783E /* Spinning.swift in Sources */,
				4F11A14B25DFE4A20036783E /* AnimatableSystemFontModifier.swift in Sources */,
				4F11A14325DCB1180036783E /* EmojiArtDocument.swift in Sources */,
				4F11A14F25E503D60036783E /* PaletteChooser.swift in Sources */,
			);
			runOnlyForDeploymentPostprocessing = 0;
		};
/* End PBXSourcesBuildPhase section */

/* Begin PBXVariantGroup section */
		4F11A13925DCB0620036783E /* LaunchScreen.storyboard */ = {
			isa = PBXVariantGroup;
			children = (
				4F11A13A25DCB0620036783E /* Base */,
			);
			name = LaunchScreen.storyboard;
			sourceTree = "<group>";
		};
/* End PBXVariantGroup section */

/* Begin XCBuildConfiguration section */
		4F11A13D25DCB0620036783E /* Debug */ = {
			isa = XCBuildConfiguration;
			buildSettings = {
				ALWAYS_SEARCH_USER_PATHS = NO;
				CLANG_ANALYZER_NONNULL = YES;
				CLANG_ANALYZER_NUMBER_OBJECT_CONVERSION = YES_AGGRESSIVE;
				CLANG_CXX_LANGUAGE_STANDARD = "gnu++14";
				CLANG_CXX_LIBRARY = "libc++";
				CLANG_ENABLE_MODULES = YES;
				CLANG_ENABLE_OBJC_ARC = YES;
				CLANG_ENABLE_OBJC_WEAK = YES;
				CLANG_WARN_BLOCK_CAPTURE_AUTORELEASING = YES;
				CLANG_WARN_BOOL_CONVERSION = YES;
				CLANG_WARN_COMMA = YES;
				CLANG_WARN_CONSTANT_CONVERSION = YES;
				CLANG_WARN_DEPRECATED_OBJC_IMPLEMENTATIONS = YES;
				CLANG_WARN_DIRECT_OBJC_ISA_USAGE = YES_ERROR;
				CLANG_WARN_DOCUMENTATION_COMMENTS = YES;
				CLANG_WARN_EMPTY_BODY = YES;
				CLANG_WARN_ENUM_CONVERSION = YES;
				CLANG_WARN_INFINITE_RECURSION = YES;
				CLANG_WARN_INT_CONVERSION = YES;
				CLANG_WARN_NON_LITERAL_NULL_CONVERSION = YES;
				CLANG_WARN_OBJC_IMPLICIT_RETAIN_SELF = YES;
				CLANG_WARN_OBJC_LITERAL_CONVERSION = YES;
				CLANG_WARN_OBJC_ROOT_CLASS = YES_ERROR;
				CLANG_WARN_RANGE_LOOP_ANALYSIS = YES;
				CLANG_WARN_STRICT_PROTOTYPES = YES;
				CLANG_WARN_SUSPICIOUS_MOVE = YES;
				CLANG_WARN_UNGUARDED_AVAILABILITY = YES_AGGRESSIVE;
				CLANG_WARN_UNREACHABLE_CODE = YES;
				CLANG_WARN__DUPLICATE_METHOD_MATCH = YES;
				COPY_PHASE_STRIP = NO;
				DEBUG_INFORMATION_FORMAT = dwarf;
				ENABLE_STRICT_OBJC_MSGSEND = YES;
				ENABLE_TESTABILITY = YES;
				GCC_C_LANGUAGE_STANDARD = gnu11;
				GCC_DYNAMIC_NO_PIC = NO;
				GCC_NO_COMMON_BLOCKS = YES;
				GCC_OPTIMIZATION_LEVEL = 0;
				GCC_PREPROCESSOR_DEFINITIONS = (
					"DEBUG=1",
					"$(inherited)",
				);
				GCC_WARN_64_TO_32_BIT_CONVERSION = YES;
				GCC_WARN_ABOUT_RETURN_TYPE = YES_ERROR;
				GCC_WARN_UNDECLARED_SELECTOR = YES;
				GCC_WARN_UNINITIALIZED_AUTOS = YES_AGGRESSIVE;
				GCC_WARN_UNUSED_FUNCTION = YES;
				GCC_WARN_UNUSED_VARIABLE = YES;
				IPHONEOS_DEPLOYMENT_TARGET = 13.5;
				MTL_ENABLE_DEBUG_INFO = INCLUDE_SOURCE;
				MTL_FAST_MATH = YES;
				ONLY_ACTIVE_ARCH = YES;
				SDKROOT = iphoneos;
				SWIFT_ACTIVE_COMPILATION_CONDITIONS = DEBUG;
				SWIFT_OPTIMIZATION_LEVEL = "-Onone";
			};
			name = Debug;
		};
		4F11A13E25DCB0620036783E /* Release */ = {
			isa = XCBuildConfiguration;
			buildSettings = {
				ALWAYS_SEARCH_USER_PATHS = NO;
				CLANG_ANALYZER_NONNULL = YES;
				CLANG_ANALYZER_NUMBER_OBJECT_CONVERSION = YES_AGGRESSIVE;
				CLANG_CXX_LANGUAGE_STANDARD = "gnu++14";
				CLANG_CXX_LIBRARY = "libc++";
				CLANG_ENABLE_MODULES = YES;
				CLANG_ENABLE_OBJC_ARC = YES;
				CLANG_ENABLE_OBJC_WEAK = YES;
				CLANG_WARN_BLOCK_CAPTURE_AUTORELEASING = YES;
				CLANG_WARN_BOOL_CONVERSION = YES;
				CLANG_WARN_COMMA = YES;
				CLANG_WARN_CONSTANT_CONVERSION = YES;
				CLANG_WARN_DEPRECATED_OBJC_IMPLEMENTATIONS = YES;
				CLANG_WARN_DIRECT_OBJC_ISA_USAGE = YES_ERROR;
				CLANG_WARN_DOCUMENTATION_COMMENTS = YES;
				CLANG_WARN_EMPTY_BODY = YES;
				CLANG_WARN_ENUM_CONVERSION = YES;
				CLANG_WARN_INFINITE_RECURSION = YES;
				CLANG_WARN_INT_CONVERSION = YES;
				CLANG_WARN_NON_LITERAL_NULL_CONVERSION = YES;
				CLANG_WARN_OBJC_IMPLICIT_RETAIN_SELF = YES;
				CLANG_WARN_OBJC_LITERAL_CONVERSION = YES;
				CLANG_WARN_OBJC_ROOT_CLASS = YES_ERROR;
				CLANG_WARN_RANGE_LOOP_ANALYSIS = YES;
				CLANG_WARN_STRICT_PROTOTYPES = YES;
				CLANG_WARN_SUSPICIOUS_MOVE = YES;
				CLANG_WARN_UNGUARDED_AVAILABILITY = YES_AGGRESSIVE;
				CLANG_WARN_UNREACHABLE_CODE = YES;
				CLANG_WARN__DUPLICATE_METHOD_MATCH = YES;
				COPY_PHASE_STRIP = NO;
				DEBUG_INFORMATION_FORMAT = "dwarf-with-dsym";
				ENABLE_NS_ASSERTIONS = NO;
				ENABLE_STRICT_OBJC_MSGSEND = YES;
				GCC_C_LANGUAGE_STANDARD = gnu11;
				GCC_NO_COMMON_BLOCKS = YES;
				GCC_WARN_64_TO_32_BIT_CONVERSION = YES;
				GCC_WARN_ABOUT_RETURN_TYPE = YES_ERROR;
				GCC_WARN_UNDECLARED_SELECTOR = YES;
				GCC_WARN_UNINITIALIZED_AUTOS = YES_AGGRESSIVE;
				GCC_WARN_UNUSED_FUNCTION = YES;
				GCC_WARN_UNUSED_VARIABLE = YES;
				IPHONEOS_DEPLOYMENT_TARGET = 13.5;
				MTL_ENABLE_DEBUG_INFO = NO;
				MTL_FAST_MATH = YES;
				SDKROOT = iphoneos;
				SWIFT_COMPILATION_MODE = wholemodule;
				SWIFT_OPTIMIZATION_LEVEL = "-O";
				VALIDATE_PRODUCT = YES;
			};
			name = Release;
		};
		4F11A14025DCB0620036783E /* Debug */ = {
			isa = XCBuildConfiguration;
			buildSettings = {
				ASSETCATALOG_COMPILER_APPICON_NAME = AppIcon;
				CODE_SIGN_STYLE = Automatic;
				DEVELOPMENT_ASSET_PATHS = "\"EmojiArt/Preview Content\"";
				DEVELOPMENT_TEAM = 7XZ63K3C53;
				ENABLE_PREVIEWS = YES;
				INFOPLIST_FILE = EmojiArt/Info.plist;
				LD_RUNPATH_SEARCH_PATHS = (
					"$(inherited)",
					"@executable_path/Frameworks",
				);
				PRODUCT_BUNDLE_IDENTIFIER = com.example.Kira.EmojiArt;
				PRODUCT_NAME = "Emoji Art";
				SWIFT_VERSION = 5.0;
				TARGETED_DEVICE_FAMILY = "1,2";
			};
			name = Debug;
		};
		4F11A14125DCB0620036783E /* Release */ = {
			isa = XCBuildConfiguration;
			buildSettings = {
				ASSETCATALOG_COMPILER_APPICON_NAME = AppIcon;
				CODE_SIGN_STYLE = Automatic;
				DEVELOPMENT_ASSET_PATHS = "\"EmojiArt/Preview Content\"";
				DEVELOPMENT_TEAM = 7XZ63K3C53;
				ENABLE_PREVIEWS = YES;
				INFOPLIST_FILE = EmojiArt/Info.plist;
				LD_RUNPATH_SEARCH_PATHS = (
					"$(inherited)",
					"@executable_path/Frameworks",
				);
				PRODUCT_BUNDLE_IDENTIFIER = com.example.Kira.EmojiArt;
				PRODUCT_NAME = "Emoji Art";
				SWIFT_VERSION = 5.0;
				TARGETED_DEVICE_FAMILY = "1,2";
			};
			name = Release;
		};
/* End XCBuildConfiguration section */

/* Begin XCConfigurationList section */
		4F11A12625DCB05E0036783E /* Build configuration list for PBXProject "EmojiArt" */ = {
			isa = XCConfigurationList;
			buildConfigurations = (
				4F11A13D25DCB0620036783E /* Debug */,
				4F11A13E25DCB0620036783E /* Release */,
			);
			defaultConfigurationIsVisible = 0;
			defaultConfigurationName = Release;
		};
		4F11A13F25DCB0620036783E /* Build configuration list for PBXNativeTarget "EmojiArt" */ = {
			isa = XCConfigurationList;
			buildConfigurations = (
				4F11A14025DCB0620036783E /* Debug */,
				4F11A14125DCB0620036783E /* Release */,
			);
			defaultConfigurationIsVisible = 0;
			defaultConfigurationName = Release;
		};
/* End XCConfigurationList section */
	};
	rootObject = 4F11A12325DCB05E0036783E /* Project object */;
}
